
Microsoft Visual Studio Solution File, Format Version 12.00
# Visual Studio Version 17
VisualStudioVersion = 17.3.32929.385
MinimumVisualStudioVersion = 10.0.40219.1
Project("{FAE04EC0-301F-11D3-BF4B-00C04F79EFBC}") = "AD ALP sem 2", "AD ALP sem 2\AD ALP sem 2.csproj", "{DEAAD5D2-E3E4-43D5-BE26-A2E302A9F756}"
EndProject
Global
	GlobalSection(SolutionConfigurationPlatforms) = preSolution
		Debug|Any CPU = Debug|Any CPU
		Release|Any CPU = Release|Any CPU
	EndGlobalSection
	GlobalSection(ProjectConfigurationPlatforms) = postSolution
		{DEAAD5D2-E3E4-43D5-BE26-A2E302A9F756}.Debug|Any CPU.ActiveCfg = Debug|Any CPU
		{DEAAD5D2-E3E4-43D5-BE26-A2E302A9F756}.Debug|Any CPU.Build.0 = Debug|Any CPU
		{DEAAD5D2-E3E4-43D5-BE26-A2E302A9F756}.Release|Any CPU.ActiveCfg = Release|Any CPU
		{DEAAD5D2-E3E4-43D5-BE26-A2E302A9F756}.Release|Any CPU.Build.0 = Release|Any CPU
	EndGlobalSection
	GlobalSection(SolutionProperties) = preSolution
		HideSolutionNode = FALSE
	EndGlobalSection
	GlobalSection(ExtensibilityGlobals) = postSolution
		SolutionGuid = {D79F5A09-D0CA-4B53-A2A9-C7187B4B72AD}
	EndGlobalSection
EndGlobal
